
Microsoft Visual Studio Solution File, Format Version 12.00
# Visual Studio 15
VisualStudioVersion = 15.0.26124.0
MinimumVisualStudioVersion = 15.0.26124.0
Project("{FAE04EC0-301F-11D3-BF4B-00C04F79EFBC}") = "TextAdventure.ConsoleApp", "TextAdventure.ConsoleApp\TextAdventure.ConsoleApp.csproj", "{D7D2C0A3-BC5A-4F71-AD4C-830893DDA0DC}"
EndProject
Project("{FAE04EC0-301F-11D3-BF4B-00C04F79EFBC}") = "TextAdventure.Common", "TextAdventure.Common\TextAdventure.Common.csproj", "{0E2BF6C2-88E7-40C8-97C4-F64DDDD58869}"
EndProject
Project("{FAE04EC0-301F-11D3-BF4B-00C04F79EFBC}") = "TextAdventure.GameEntities", "TextAdventure.GameEntities\TextAdventure.GameEntities.csproj", "{6316DCE7-33BA-48F6-9CF3-221B37ACF4B3}"
EndProject
Project("{FAE04EC0-301F-11D3-BF4B-00C04F79EFBC}") = "TextAdventure.Interfaces", "TextAdventure.Interfaces\TextAdventure.Interfaces.csproj", "{85DB47A4-64B7-4F3A-BCF8-FAEE57E54B45}"
EndProject
Project("{2150E333-8FDC-42A3-9474-1A3956D46DE8}") = "tests", "tests", "{6924F3A7-3CAB-4AD1-8332-1ADA851660B2}"
EndProject
Project("{FAE04EC0-301F-11D3-BF4B-00C04F79EFBC}") = "TextAdventure.Common.Tests", "tests\TextAdventure.Common.Tests\TextAdventure.Common.Tests.csproj", "{1FA198AD-5DF8-4E0D-A665-9346B65FA55E}"
EndProject
Project("{FAE04EC0-301F-11D3-BF4B-00C04F79EFBC}") = "TextAdventure.GameEntities.Tests", "tests\TextAdventure.GameEntities.Tests\TextAdventure.GameEntities.Tests.csproj", "{404F2199-BF7D-4FD2-A809-6CE052D5E8C3}"
EndProject
Project("{FAE04EC0-301F-11D3-BF4B-00C04F79EFBC}") = "TextAdventure.Entities", "TextAdventure.Entities\TextAdventure.Entities.csproj", "{EBCD61BA-B09B-4E86-BF01-00AD1A31D99A}"
EndProject
Project("{FAE04EC0-301F-11D3-BF4B-00C04F79EFBC}") = "TextAdventure.Entities.Tests", "tests\TextAdventure.Entities.Tests\TextAdventure.Entities.Tests.csproj", "{FCDFC5ED-F75C-4D93-BECC-F30F7B8D44F6}"
EndProject
Project("{FAE04EC0-301F-11D3-BF4B-00C04F79EFBC}") = "TextAdventure.Commands", "TextAdventure.Commands\TextAdventure.Commands.csproj", "{A83E31EA-3160-4FE8-8E12-6A3BEC1E0F54}"
EndProject
Project("{FAE04EC0-301F-11D3-BF4B-00C04F79EFBC}") = "TextAdventure.Conditions", "TextAdventure.Conditions\TextAdventure.Conditions.csproj", "{326CCBE8-D905-4956-9893-6353DFAB478A}"
EndProject
Project("{FAE04EC0-301F-11D3-BF4B-00C04F79EFBC}") = "TextAdventure.Controllers", "TextAdventure.Controllers\TextAdventure.Controllers.csproj", "{0CA9A6A0-4EDC-4644-9791-928DC566201D}"
EndProject
Project("{FAE04EC0-301F-11D3-BF4B-00C04F79EFBC}") = "TextAdventure.Converters", "TextAdventure.Converters\TextAdventure.Converters.csproj", "{795595B7-E4F5-419F-A7DC-C8CD9934EF9D}"
EndProject
Project("{FAE04EC0-301F-11D3-BF4B-00C04F79EFBC}") = "TextAdventure.Scenes", "TextAdventure.Scenes\TextAdventure.Scenes.csproj", "{7D56AB52-6ADA-4D32-94CC-3F1351ADDFFA}"
EndProject
Project("{FAE04EC0-301F-11D3-BF4B-00C04F79EFBC}") = "TextAdventure.Controllers.Tests", "tests\TextAdventure.Controllers.Tests\TextAdventure.Controllers.Tests.csproj", "{D4FD6911-43CA-42B5-863D-792CF2E76EA0}"
EndProject
Project("{FAE04EC0-301F-11D3-BF4B-00C04F79EFBC}") = "TextAdventure.Commands.Tests", "tests\TextAdventure.Commands.Tests\TextAdventure.Commands.Tests.csproj", "{A9D9636C-6A8B-4F3E-A02B-6E715FD76BAB}"
EndProject
Project("{FAE04EC0-301F-11D3-BF4B-00C04F79EFBC}") = "TextAdventure.Conditions.Tests", "tests\TextAdventure.Conditions.Tests\TextAdventure.Conditions.Tests.csproj", "{DF27478B-1A33-4D1C-AB25-4C0D7E60BC94}"
EndProject
Project("{FAE04EC0-301F-11D3-BF4B-00C04F79EFBC}") = "TextAdventure.Converters.Tests", "tests\TextAdventure.Converters.Tests\TextAdventure.Converters.Tests.csproj", "{4BE8F6CA-405F-4F69-AD39-D64CD822C511}"
EndProject
Project("{FAE04EC0-301F-11D3-BF4B-00C04F79EFBC}") = "TextAdventure.Scenes.Tests", "tests\TextAdventure.Scenes.Tests\TextAdventure.Scenes.Tests.csproj", "{DA69828A-C84D-4496-886D-D3776101397E}"
EndProject
Global
	GlobalSection(SolutionConfigurationPlatforms) = preSolution
		Debug|Any CPU = Debug|Any CPU
		Debug|x64 = Debug|x64
		Debug|x86 = Debug|x86
		Release|Any CPU = Release|Any CPU
		Release|x64 = Release|x64
		Release|x86 = Release|x86
	EndGlobalSection
	GlobalSection(SolutionProperties) = preSolution
		HideSolutionNode = FALSE
	EndGlobalSection
	GlobalSection(ProjectConfigurationPlatforms) = postSolution
		{D7D2C0A3-BC5A-4F71-AD4C-830893DDA0DC}.Debug|Any CPU.ActiveCfg = Debug|Any CPU
		{D7D2C0A3-BC5A-4F71-AD4C-830893DDA0DC}.Debug|Any CPU.Build.0 = Debug|Any CPU
		{D7D2C0A3-BC5A-4F71-AD4C-830893DDA0DC}.Debug|x64.ActiveCfg = Debug|Any CPU
		{D7D2C0A3-BC5A-4F71-AD4C-830893DDA0DC}.Debug|x64.Build.0 = Debug|Any CPU
		{D7D2C0A3-BC5A-4F71-AD4C-830893DDA0DC}.Debug|x86.ActiveCfg = Debug|Any CPU
		{D7D2C0A3-BC5A-4F71-AD4C-830893DDA0DC}.Debug|x86.Build.0 = Debug|Any CPU
		{D7D2C0A3-BC5A-4F71-AD4C-830893DDA0DC}.Release|Any CPU.ActiveCfg = Release|Any CPU
		{D7D2C0A3-BC5A-4F71-AD4C-830893DDA0DC}.Release|Any CPU.Build.0 = Release|Any CPU
		{D7D2C0A3-BC5A-4F71-AD4C-830893DDA0DC}.Release|x64.ActiveCfg = Release|Any CPU
		{D7D2C0A3-BC5A-4F71-AD4C-830893DDA0DC}.Release|x64.Build.0 = Release|Any CPU
		{D7D2C0A3-BC5A-4F71-AD4C-830893DDA0DC}.Release|x86.ActiveCfg = Release|Any CPU
		{D7D2C0A3-BC5A-4F71-AD4C-830893DDA0DC}.Release|x86.Build.0 = Release|Any CPU
		{0E2BF6C2-88E7-40C8-97C4-F64DDDD58869}.Debug|Any CPU.ActiveCfg = Debug|Any CPU
		{0E2BF6C2-88E7-40C8-97C4-F64DDDD58869}.Debug|Any CPU.Build.0 = Debug|Any CPU
		{0E2BF6C2-88E7-40C8-97C4-F64DDDD58869}.Debug|x64.ActiveCfg = Debug|Any CPU
		{0E2BF6C2-88E7-40C8-97C4-F64DDDD58869}.Debug|x64.Build.0 = Debug|Any CPU
		{0E2BF6C2-88E7-40C8-97C4-F64DDDD58869}.Debug|x86.ActiveCfg = Debug|Any CPU
		{0E2BF6C2-88E7-40C8-97C4-F64DDDD58869}.Debug|x86.Build.0 = Debug|Any CPU
		{0E2BF6C2-88E7-40C8-97C4-F64DDDD58869}.Release|Any CPU.ActiveCfg = Release|Any CPU
		{0E2BF6C2-88E7-40C8-97C4-F64DDDD58869}.Release|Any CPU.Build.0 = Release|Any CPU
		{0E2BF6C2-88E7-40C8-97C4-F64DDDD58869}.Release|x64.ActiveCfg = Release|Any CPU
		{0E2BF6C2-88E7-40C8-97C4-F64DDDD58869}.Release|x64.Build.0 = Release|Any CPU
		{0E2BF6C2-88E7-40C8-97C4-F64DDDD58869}.Release|x86.ActiveCfg = Release|Any CPU
		{0E2BF6C2-88E7-40C8-97C4-F64DDDD58869}.Release|x86.Build.0 = Release|Any CPU
		{6316DCE7-33BA-48F6-9CF3-221B37ACF4B3}.Debug|Any CPU.ActiveCfg = Debug|Any CPU
		{6316DCE7-33BA-48F6-9CF3-221B37ACF4B3}.Debug|Any CPU.Build.0 = Debug|Any CPU
		{6316DCE7-33BA-48F6-9CF3-221B37ACF4B3}.Debug|x64.ActiveCfg = Debug|Any CPU
		{6316DCE7-33BA-48F6-9CF3-221B37ACF4B3}.Debug|x64.Build.0 = Debug|Any CPU
		{6316DCE7-33BA-48F6-9CF3-221B37ACF4B3}.Debug|x86.ActiveCfg = Debug|Any CPU
		{6316DCE7-33BA-48F6-9CF3-221B37ACF4B3}.Debug|x86.Build.0 = Debug|Any CPU
		{6316DCE7-33BA-48F6-9CF3-221B37ACF4B3}.Release|Any CPU.ActiveCfg = Release|Any CPU
		{6316DCE7-33BA-48F6-9CF3-221B37ACF4B3}.Release|Any CPU.Build.0 = Release|Any CPU
		{6316DCE7-33BA-48F6-9CF3-221B37ACF4B3}.Release|x64.ActiveCfg = Release|Any CPU
		{6316DCE7-33BA-48F6-9CF3-221B37ACF4B3}.Release|x64.Build.0 = Release|Any CPU
		{6316DCE7-33BA-48F6-9CF3-221B37ACF4B3}.Release|x86.ActiveCfg = Release|Any CPU
		{6316DCE7-33BA-48F6-9CF3-221B37ACF4B3}.Release|x86.Build.0 = Release|Any CPU
		{85DB47A4-64B7-4F3A-BCF8-FAEE57E54B45}.Debug|Any CPU.ActiveCfg = Debug|Any CPU
		{85DB47A4-64B7-4F3A-BCF8-FAEE57E54B45}.Debug|Any CPU.Build.0 = Debug|Any CPU
		{85DB47A4-64B7-4F3A-BCF8-FAEE57E54B45}.Debug|x64.ActiveCfg = Debug|Any CPU
		{85DB47A4-64B7-4F3A-BCF8-FAEE57E54B45}.Debug|x64.Build.0 = Debug|Any CPU
		{85DB47A4-64B7-4F3A-BCF8-FAEE57E54B45}.Debug|x86.ActiveCfg = Debug|Any CPU
		{85DB47A4-64B7-4F3A-BCF8-FAEE57E54B45}.Debug|x86.Build.0 = Debug|Any CPU
		{85DB47A4-64B7-4F3A-BCF8-FAEE57E54B45}.Release|Any CPU.ActiveCfg = Release|Any CPU
		{85DB47A4-64B7-4F3A-BCF8-FAEE57E54B45}.Release|Any CPU.Build.0 = Release|Any CPU
		{85DB47A4-64B7-4F3A-BCF8-FAEE57E54B45}.Release|x64.ActiveCfg = Release|Any CPU
		{85DB47A4-64B7-4F3A-BCF8-FAEE57E54B45}.Release|x64.Build.0 = Release|Any CPU
		{85DB47A4-64B7-4F3A-BCF8-FAEE57E54B45}.Release|x86.ActiveCfg = Release|Any CPU
		{85DB47A4-64B7-4F3A-BCF8-FAEE57E54B45}.Release|x86.Build.0 = Release|Any CPU
		{1FA198AD-5DF8-4E0D-A665-9346B65FA55E}.Debug|Any CPU.ActiveCfg = Debug|Any CPU
		{1FA198AD-5DF8-4E0D-A665-9346B65FA55E}.Debug|Any CPU.Build.0 = Debug|Any CPU
		{1FA198AD-5DF8-4E0D-A665-9346B65FA55E}.Debug|x64.ActiveCfg = Debug|Any CPU
		{1FA198AD-5DF8-4E0D-A665-9346B65FA55E}.Debug|x64.Build.0 = Debug|Any CPU
		{1FA198AD-5DF8-4E0D-A665-9346B65FA55E}.Debug|x86.ActiveCfg = Debug|Any CPU
		{1FA198AD-5DF8-4E0D-A665-9346B65FA55E}.Debug|x86.Build.0 = Debug|Any CPU
		{1FA198AD-5DF8-4E0D-A665-9346B65FA55E}.Release|Any CPU.ActiveCfg = Release|Any CPU
		{1FA198AD-5DF8-4E0D-A665-9346B65FA55E}.Release|Any CPU.Build.0 = Release|Any CPU
		{1FA198AD-5DF8-4E0D-A665-9346B65FA55E}.Release|x64.ActiveCfg = Release|Any CPU
		{1FA198AD-5DF8-4E0D-A665-9346B65FA55E}.Release|x64.Build.0 = Release|Any CPU
		{1FA198AD-5DF8-4E0D-A665-9346B65FA55E}.Release|x86.ActiveCfg = Release|Any CPU
		{1FA198AD-5DF8-4E0D-A665-9346B65FA55E}.Release|x86.Build.0 = Release|Any CPU
		{404F2199-BF7D-4FD2-A809-6CE052D5E8C3}.Debug|Any CPU.ActiveCfg = Debug|Any CPU
		{404F2199-BF7D-4FD2-A809-6CE052D5E8C3}.Debug|Any CPU.Build.0 = Debug|Any CPU
		{404F2199-BF7D-4FD2-A809-6CE052D5E8C3}.Debug|x64.ActiveCfg = Debug|Any CPU
		{404F2199-BF7D-4FD2-A809-6CE052D5E8C3}.Debug|x64.Build.0 = Debug|Any CPU
		{404F2199-BF7D-4FD2-A809-6CE052D5E8C3}.Debug|x86.ActiveCfg = Debug|Any CPU
		{404F2199-BF7D-4FD2-A809-6CE052D5E8C3}.Debug|x86.Build.0 = Debug|Any CPU
		{404F2199-BF7D-4FD2-A809-6CE052D5E8C3}.Release|Any CPU.ActiveCfg = Release|Any CPU
		{404F2199-BF7D-4FD2-A809-6CE052D5E8C3}.Release|Any CPU.Build.0 = Release|Any CPU
		{404F2199-BF7D-4FD2-A809-6CE052D5E8C3}.Release|x64.ActiveCfg = Release|Any CPU
		{404F2199-BF7D-4FD2-A809-6CE052D5E8C3}.Release|x64.Build.0 = Release|Any CPU
		{404F2199-BF7D-4FD2-A809-6CE052D5E8C3}.Release|x86.ActiveCfg = Release|Any CPU
		{404F2199-BF7D-4FD2-A809-6CE052D5E8C3}.Release|x86.Build.0 = Release|Any CPU
		{EBCD61BA-B09B-4E86-BF01-00AD1A31D99A}.Debug|Any CPU.ActiveCfg = Debug|Any CPU
		{EBCD61BA-B09B-4E86-BF01-00AD1A31D99A}.Debug|Any CPU.Build.0 = Debug|Any CPU
		{EBCD61BA-B09B-4E86-BF01-00AD1A31D99A}.Debug|x64.ActiveCfg = Debug|Any CPU
		{EBCD61BA-B09B-4E86-BF01-00AD1A31D99A}.Debug|x64.Build.0 = Debug|Any CPU
		{EBCD61BA-B09B-4E86-BF01-00AD1A31D99A}.Debug|x86.ActiveCfg = Debug|Any CPU
		{EBCD61BA-B09B-4E86-BF01-00AD1A31D99A}.Debug|x86.Build.0 = Debug|Any CPU
		{EBCD61BA-B09B-4E86-BF01-00AD1A31D99A}.Release|Any CPU.ActiveCfg = Release|Any CPU
		{EBCD61BA-B09B-4E86-BF01-00AD1A31D99A}.Release|Any CPU.Build.0 = Release|Any CPU
		{EBCD61BA-B09B-4E86-BF01-00AD1A31D99A}.Release|x64.ActiveCfg = Release|Any CPU
		{EBCD61BA-B09B-4E86-BF01-00AD1A31D99A}.Release|x64.Build.0 = Release|Any CPU
		{EBCD61BA-B09B-4E86-BF01-00AD1A31D99A}.Release|x86.ActiveCfg = Release|Any CPU
		{EBCD61BA-B09B-4E86-BF01-00AD1A31D99A}.Release|x86.Build.0 = Release|Any CPU
		{FCDFC5ED-F75C-4D93-BECC-F30F7B8D44F6}.Debug|Any CPU.ActiveCfg = Debug|Any CPU
		{FCDFC5ED-F75C-4D93-BECC-F30F7B8D44F6}.Debug|Any CPU.Build.0 = Debug|Any CPU
		{FCDFC5ED-F75C-4D93-BECC-F30F7B8D44F6}.Debug|x64.ActiveCfg = Debug|Any CPU
		{FCDFC5ED-F75C-4D93-BECC-F30F7B8D44F6}.Debug|x64.Build.0 = Debug|Any CPU
		{FCDFC5ED-F75C-4D93-BECC-F30F7B8D44F6}.Debug|x86.ActiveCfg = Debug|Any CPU
		{FCDFC5ED-F75C-4D93-BECC-F30F7B8D44F6}.Debug|x86.Build.0 = Debug|Any CPU
		{FCDFC5ED-F75C-4D93-BECC-F30F7B8D44F6}.Release|Any CPU.ActiveCfg = Release|Any CPU
		{FCDFC5ED-F75C-4D93-BECC-F30F7B8D44F6}.Release|Any CPU.Build.0 = Release|Any CPU
		{FCDFC5ED-F75C-4D93-BECC-F30F7B8D44F6}.Release|x64.ActiveCfg = Release|Any CPU
		{FCDFC5ED-F75C-4D93-BECC-F30F7B8D44F6}.Release|x64.Build.0 = Release|Any CPU
		{FCDFC5ED-F75C-4D93-BECC-F30F7B8D44F6}.Release|x86.ActiveCfg = Release|Any CPU
		{FCDFC5ED-F75C-4D93-BECC-F30F7B8D44F6}.Release|x86.Build.0 = Release|Any CPU
		{A83E31EA-3160-4FE8-8E12-6A3BEC1E0F54}.Debug|Any CPU.ActiveCfg = Debug|Any CPU
		{A83E31EA-3160-4FE8-8E12-6A3BEC1E0F54}.Debug|Any CPU.Build.0 = Debug|Any CPU
		{A83E31EA-3160-4FE8-8E12-6A3BEC1E0F54}.Debug|x64.ActiveCfg = Debug|Any CPU
		{A83E31EA-3160-4FE8-8E12-6A3BEC1E0F54}.Debug|x64.Build.0 = Debug|Any CPU
		{A83E31EA-3160-4FE8-8E12-6A3BEC1E0F54}.Debug|x86.ActiveCfg = Debug|Any CPU
		{A83E31EA-3160-4FE8-8E12-6A3BEC1E0F54}.Debug|x86.Build.0 = Debug|Any CPU
		{A83E31EA-3160-4FE8-8E12-6A3BEC1E0F54}.Release|Any CPU.ActiveCfg = Release|Any CPU
		{A83E31EA-3160-4FE8-8E12-6A3BEC1E0F54}.Release|Any CPU.Build.0 = Release|Any CPU
		{A83E31EA-3160-4FE8-8E12-6A3BEC1E0F54}.Release|x64.ActiveCfg = Release|Any CPU
		{A83E31EA-3160-4FE8-8E12-6A3BEC1E0F54}.Release|x64.Build.0 = Release|Any CPU
		{A83E31EA-3160-4FE8-8E12-6A3BEC1E0F54}.Release|x86.ActiveCfg = Release|Any CPU
		{A83E31EA-3160-4FE8-8E12-6A3BEC1E0F54}.Release|x86.Build.0 = Release|Any CPU
		{326CCBE8-D905-4956-9893-6353DFAB478A}.Debug|Any CPU.ActiveCfg = Debug|Any CPU
		{326CCBE8-D905-4956-9893-6353DFAB478A}.Debug|Any CPU.Build.0 = Debug|Any CPU
		{326CCBE8-D905-4956-9893-6353DFAB478A}.Debug|x64.ActiveCfg = Debug|Any CPU
		{326CCBE8-D905-4956-9893-6353DFAB478A}.Debug|x64.Build.0 = Debug|Any CPU
		{326CCBE8-D905-4956-9893-6353DFAB478A}.Debug|x86.ActiveCfg = Debug|Any CPU
		{326CCBE8-D905-4956-9893-6353DFAB478A}.Debug|x86.Build.0 = Debug|Any CPU
		{326CCBE8-D905-4956-9893-6353DFAB478A}.Release|Any CPU.ActiveCfg = Release|Any CPU
		{326CCBE8-D905-4956-9893-6353DFAB478A}.Release|Any CPU.Build.0 = Release|Any CPU
		{326CCBE8-D905-4956-9893-6353DFAB478A}.Release|x64.ActiveCfg = Release|Any CPU
		{326CCBE8-D905-4956-9893-6353DFAB478A}.Release|x64.Build.0 = Release|Any CPU
		{326CCBE8-D905-4956-9893-6353DFAB478A}.Release|x86.ActiveCfg = Release|Any CPU
		{326CCBE8-D905-4956-9893-6353DFAB478A}.Release|x86.Build.0 = Release|Any CPU
		{0CA9A6A0-4EDC-4644-9791-928DC566201D}.Debug|Any CPU.ActiveCfg = Debug|Any CPU
		{0CA9A6A0-4EDC-4644-9791-928DC566201D}.Debug|Any CPU.Build.0 = Debug|Any CPU
		{0CA9A6A0-4EDC-4644-9791-928DC566201D}.Debug|x64.ActiveCfg = Debug|Any CPU
		{0CA9A6A0-4EDC-4644-9791-928DC566201D}.Debug|x64.Build.0 = Debug|Any CPU
		{0CA9A6A0-4EDC-4644-9791-928DC566201D}.Debug|x86.ActiveCfg = Debug|Any CPU
		{0CA9A6A0-4EDC-4644-9791-928DC566201D}.Debug|x86.Build.0 = Debug|Any CPU
		{0CA9A6A0-4EDC-4644-9791-928DC566201D}.Release|Any CPU.ActiveCfg = Release|Any CPU
		{0CA9A6A0-4EDC-4644-9791-928DC566201D}.Release|Any CPU.Build.0 = Release|Any CPU
		{0CA9A6A0-4EDC-4644-9791-928DC566201D}.Release|x64.ActiveCfg = Release|Any CPU
		{0CA9A6A0-4EDC-4644-9791-928DC566201D}.Release|x64.Build.0 = Release|Any CPU
		{0CA9A6A0-4EDC-4644-9791-928DC566201D}.Release|x86.ActiveCfg = Release|Any CPU
		{0CA9A6A0-4EDC-4644-9791-928DC566201D}.Release|x86.Build.0 = Release|Any CPU
		{795595B7-E4F5-419F-A7DC-C8CD9934EF9D}.Debug|Any CPU.ActiveCfg = Debug|Any CPU
		{795595B7-E4F5-419F-A7DC-C8CD9934EF9D}.Debug|Any CPU.Build.0 = Debug|Any CPU
		{795595B7-E4F5-419F-A7DC-C8CD9934EF9D}.Debug|x64.ActiveCfg = Debug|Any CPU
		{795595B7-E4F5-419F-A7DC-C8CD9934EF9D}.Debug|x64.Build.0 = Debug|Any CPU
		{795595B7-E4F5-419F-A7DC-C8CD9934EF9D}.Debug|x86.ActiveCfg = Debug|Any CPU
		{795595B7-E4F5-419F-A7DC-C8CD9934EF9D}.Debug|x86.Build.0 = Debug|Any CPU
		{795595B7-E4F5-419F-A7DC-C8CD9934EF9D}.Release|Any CPU.ActiveCfg = Release|Any CPU
		{795595B7-E4F5-419F-A7DC-C8CD9934EF9D}.Release|Any CPU.Build.0 = Release|Any CPU
		{795595B7-E4F5-419F-A7DC-C8CD9934EF9D}.Release|x64.ActiveCfg = Release|Any CPU
		{795595B7-E4F5-419F-A7DC-C8CD9934EF9D}.Release|x64.Build.0 = Release|Any CPU
		{795595B7-E4F5-419F-A7DC-C8CD9934EF9D}.Release|x86.ActiveCfg = Release|Any CPU
		{795595B7-E4F5-419F-A7DC-C8CD9934EF9D}.Release|x86.Build.0 = Release|Any CPU
		{7D56AB52-6ADA-4D32-94CC-3F1351ADDFFA}.Debug|Any CPU.ActiveCfg = Debug|Any CPU
		{7D56AB52-6ADA-4D32-94CC-3F1351ADDFFA}.Debug|Any CPU.Build.0 = Debug|Any CPU
		{7D56AB52-6ADA-4D32-94CC-3F1351ADDFFA}.Debug|x64.ActiveCfg = Debug|Any CPU
		{7D56AB52-6ADA-4D32-94CC-3F1351ADDFFA}.Debug|x64.Build.0 = Debug|Any CPU
		{7D56AB52-6ADA-4D32-94CC-3F1351ADDFFA}.Debug|x86.ActiveCfg = Debug|Any CPU
		{7D56AB52-6ADA-4D32-94CC-3F1351ADDFFA}.Debug|x86.Build.0 = Debug|Any CPU
		{7D56AB52-6ADA-4D32-94CC-3F1351ADDFFA}.Release|Any CPU.ActiveCfg = Release|Any CPU
		{7D56AB52-6ADA-4D32-94CC-3F1351ADDFFA}.Release|Any CPU.Build.0 = Release|Any CPU
		{7D56AB52-6ADA-4D32-94CC-3F1351ADDFFA}.Release|x64.ActiveCfg = Release|Any CPU
		{7D56AB52-6ADA-4D32-94CC-3F1351ADDFFA}.Release|x64.Build.0 = Release|Any CPU
		{7D56AB52-6ADA-4D32-94CC-3F1351ADDFFA}.Release|x86.ActiveCfg = Release|Any CPU
		{7D56AB52-6ADA-4D32-94CC-3F1351ADDFFA}.Release|x86.Build.0 = Release|Any CPU
		{D4FD6911-43CA-42B5-863D-792CF2E76EA0}.Debug|Any CPU.ActiveCfg = Debug|Any CPU
		{D4FD6911-43CA-42B5-863D-792CF2E76EA0}.Debug|Any CPU.Build.0 = Debug|Any CPU
		{D4FD6911-43CA-42B5-863D-792CF2E76EA0}.Debug|x64.ActiveCfg = Debug|Any CPU
		{D4FD6911-43CA-42B5-863D-792CF2E76EA0}.Debug|x64.Build.0 = Debug|Any CPU
		{D4FD6911-43CA-42B5-863D-792CF2E76EA0}.Debug|x86.ActiveCfg = Debug|Any CPU
		{D4FD6911-43CA-42B5-863D-792CF2E76EA0}.Debug|x86.Build.0 = Debug|Any CPU
		{D4FD6911-43CA-42B5-863D-792CF2E76EA0}.Release|Any CPU.ActiveCfg = Release|Any CPU
		{D4FD6911-43CA-42B5-863D-792CF2E76EA0}.Release|Any CPU.Build.0 = Release|Any CPU
		{D4FD6911-43CA-42B5-863D-792CF2E76EA0}.Release|x64.ActiveCfg = Release|Any CPU
		{D4FD6911-43CA-42B5-863D-792CF2E76EA0}.Release|x64.Build.0 = Release|Any CPU
		{D4FD6911-43CA-42B5-863D-792CF2E76EA0}.Release|x86.ActiveCfg = Release|Any CPU
		{D4FD6911-43CA-42B5-863D-792CF2E76EA0}.Release|x86.Build.0 = Release|Any CPU
		{A9D9636C-6A8B-4F3E-A02B-6E715FD76BAB}.Debug|Any CPU.ActiveCfg = Debug|Any CPU
		{A9D9636C-6A8B-4F3E-A02B-6E715FD76BAB}.Debug|Any CPU.Build.0 = Debug|Any CPU
		{A9D9636C-6A8B-4F3E-A02B-6E715FD76BAB}.Debug|x64.ActiveCfg = Debug|Any CPU
		{A9D9636C-6A8B-4F3E-A02B-6E715FD76BAB}.Debug|x64.Build.0 = Debug|Any CPU
		{A9D9636C-6A8B-4F3E-A02B-6E715FD76BAB}.Debug|x86.ActiveCfg = Debug|Any CPU
		{A9D9636C-6A8B-4F3E-A02B-6E715FD76BAB}.Debug|x86.Build.0 = Debug|Any CPU
		{A9D9636C-6A8B-4F3E-A02B-6E715FD76BAB}.Release|Any CPU.ActiveCfg = Release|Any CPU
		{A9D9636C-6A8B-4F3E-A02B-6E715FD76BAB}.Release|Any CPU.Build.0 = Release|Any CPU
		{A9D9636C-6A8B-4F3E-A02B-6E715FD76BAB}.Release|x64.ActiveCfg = Release|Any CPU
		{A9D9636C-6A8B-4F3E-A02B-6E715FD76BAB}.Release|x64.Build.0 = Release|Any CPU
		{A9D9636C-6A8B-4F3E-A02B-6E715FD76BAB}.Release|x86.ActiveCfg = Release|Any CPU
		{A9D9636C-6A8B-4F3E-A02B-6E715FD76BAB}.Release|x86.Build.0 = Release|Any CPU
		{DF27478B-1A33-4D1C-AB25-4C0D7E60BC94}.Debug|Any CPU.ActiveCfg = Debug|Any CPU
		{DF27478B-1A33-4D1C-AB25-4C0D7E60BC94}.Debug|Any CPU.Build.0 = Debug|Any CPU
		{DF27478B-1A33-4D1C-AB25-4C0D7E60BC94}.Debug|x64.ActiveCfg = Debug|Any CPU
		{DF27478B-1A33-4D1C-AB25-4C0D7E60BC94}.Debug|x64.Build.0 = Debug|Any CPU
		{DF27478B-1A33-4D1C-AB25-4C0D7E60BC94}.Debug|x86.ActiveCfg = Debug|Any CPU
		{DF27478B-1A33-4D1C-AB25-4C0D7E60BC94}.Debug|x86.Build.0 = Debug|Any CPU
		{DF27478B-1A33-4D1C-AB25-4C0D7E60BC94}.Release|Any CPU.ActiveCfg = Release|Any CPU
		{DF27478B-1A33-4D1C-AB25-4C0D7E60BC94}.Release|Any CPU.Build.0 = Release|Any CPU
		{DF27478B-1A33-4D1C-AB25-4C0D7E60BC94}.Release|x64.ActiveCfg = Release|Any CPU
		{DF27478B-1A33-4D1C-AB25-4C0D7E60BC94}.Release|x64.Build.0 = Release|Any CPU
		{DF27478B-1A33-4D1C-AB25-4C0D7E60BC94}.Release|x86.ActiveCfg = Release|Any CPU
		{DF27478B-1A33-4D1C-AB25-4C0D7E60BC94}.Release|x86.Build.0 = Release|Any CPU
		{4BE8F6CA-405F-4F69-AD39-D64CD822C511}.Debug|Any CPU.ActiveCfg = Debug|Any CPU
		{4BE8F6CA-405F-4F69-AD39-D64CD822C511}.Debug|Any CPU.Build.0 = Debug|Any CPU
		{4BE8F6CA-405F-4F69-AD39-D64CD822C511}.Debug|x64.ActiveCfg = Debug|Any CPU
		{4BE8F6CA-405F-4F69-AD39-D64CD822C511}.Debug|x64.Build.0 = Debug|Any CPU
		{4BE8F6CA-405F-4F69-AD39-D64CD822C511}.Debug|x86.ActiveCfg = Debug|Any CPU
		{4BE8F6CA-405F-4F69-AD39-D64CD822C511}.Debug|x86.Build.0 = Debug|Any CPU
		{4BE8F6CA-405F-4F69-AD39-D64CD822C511}.Release|Any CPU.ActiveCfg = Release|Any CPU
		{4BE8F6CA-405F-4F69-AD39-D64CD822C511}.Release|Any CPU.Build.0 = Release|Any CPU
		{4BE8F6CA-405F-4F69-AD39-D64CD822C511}.Release|x64.ActiveCfg = Release|Any CPU
		{4BE8F6CA-405F-4F69-AD39-D64CD822C511}.Release|x64.Build.0 = Release|Any CPU
		{4BE8F6CA-405F-4F69-AD39-D64CD822C511}.Release|x86.ActiveCfg = Release|Any CPU
		{4BE8F6CA-405F-4F69-AD39-D64CD822C511}.Release|x86.Build.0 = Release|Any CPU
		{DA69828A-C84D-4496-886D-D3776101397E}.Debug|Any CPU.ActiveCfg = Debug|Any CPU
		{DA69828A-C84D-4496-886D-D3776101397E}.Debug|Any CPU.Build.0 = Debug|Any CPU
		{DA69828A-C84D-4496-886D-D3776101397E}.Debug|x64.ActiveCfg = Debug|Any CPU
		{DA69828A-C84D-4496-886D-D3776101397E}.Debug|x64.Build.0 = Debug|Any CPU
		{DA69828A-C84D-4496-886D-D3776101397E}.Debug|x86.ActiveCfg = Debug|Any CPU
		{DA69828A-C84D-4496-886D-D3776101397E}.Debug|x86.Build.0 = Debug|Any CPU
		{DA69828A-C84D-4496-886D-D3776101397E}.Release|Any CPU.ActiveCfg = Release|Any CPU
		{DA69828A-C84D-4496-886D-D3776101397E}.Release|Any CPU.Build.0 = Release|Any CPU
		{DA69828A-C84D-4496-886D-D3776101397E}.Release|x64.ActiveCfg = Release|Any CPU
		{DA69828A-C84D-4496-886D-D3776101397E}.Release|x64.Build.0 = Release|Any CPU
		{DA69828A-C84D-4496-886D-D3776101397E}.Release|x86.ActiveCfg = Release|Any CPU
		{DA69828A-C84D-4496-886D-D3776101397E}.Release|x86.Build.0 = Release|Any CPU
	EndGlobalSection
	GlobalSection(NestedProjects) = preSolution
		{1FA198AD-5DF8-4E0D-A665-9346B65FA55E} = {6924F3A7-3CAB-4AD1-8332-1ADA851660B2}
		{404F2199-BF7D-4FD2-A809-6CE052D5E8C3} = {6924F3A7-3CAB-4AD1-8332-1ADA851660B2}
		{FCDFC5ED-F75C-4D93-BECC-F30F7B8D44F6} = {6924F3A7-3CAB-4AD1-8332-1ADA851660B2}
		{D4FD6911-43CA-42B5-863D-792CF2E76EA0} = {6924F3A7-3CAB-4AD1-8332-1ADA851660B2}
		{A9D9636C-6A8B-4F3E-A02B-6E715FD76BAB} = {6924F3A7-3CAB-4AD1-8332-1ADA851660B2}
		{DF27478B-1A33-4D1C-AB25-4C0D7E60BC94} = {6924F3A7-3CAB-4AD1-8332-1ADA851660B2}
		{4BE8F6CA-405F-4F69-AD39-D64CD822C511} = {6924F3A7-3CAB-4AD1-8332-1ADA851660B2}
		{DA69828A-C84D-4496-886D-D3776101397E} = {6924F3A7-3CAB-4AD1-8332-1ADA851660B2}
	EndGlobalSection
EndGlobal
